
Microsoft Visual Studio Solution File, Format Version 12.00
# Visual Studio Version 17
VisualStudioVersion = 17.0.31903.59
MinimumVisualStudioVersion = 10.0.40219.1
Project("{FAE04EC0-301F-11D3-BF4B-00C04F79EFBC}") = "SingleResponsibility", "SingleResponsibility\SingleResponsibility.csproj", "{C94DA9DE-8CE1-430A-8017-ECADEDAC12C5}"
EndProject
Project("{FAE04EC0-301F-11D3-BF4B-00C04F79EFBC}") = "OpenClosed", "OpenClosed\OpenClosed.csproj", "{7E651449-20BB-47A9-8FF1-AE74FBEBECC0}"
EndProject
Project("{FAE04EC0-301F-11D3-BF4B-00C04F79EFBC}") = "Liskow", "Liskow\Liskow.csproj", "{04A96D9E-54C9-4664-A2BD-AF442EB19DA6}"
EndProject
Project("{FAE04EC0-301F-11D3-BF4B-00C04F79EFBC}") = "InterfaceSegregation", "InterfaceSegregation\InterfaceSegregation.csproj", "{D4E028D5-E804-4A3B-B517-05EDFE684532}"
EndProject
Project("{FAE04EC0-301F-11D3-BF4B-00C04F79EFBC}") = "DependencyInversion", "DependencyInversion\DependencyInversion.csproj", "{673F9E1C-BD0D-4132-BD67-7AA0CED5C3F6}"
EndProject
Global
	GlobalSection(SolutionConfigurationPlatforms) = preSolution
		Debug|Any CPU = Debug|Any CPU
		Release|Any CPU = Release|Any CPU
	EndGlobalSection
	GlobalSection(ProjectConfigurationPlatforms) = postSolution
		{C94DA9DE-8CE1-430A-8017-ECADEDAC12C5}.Debug|Any CPU.ActiveCfg = Debug|Any CPU
		{C94DA9DE-8CE1-430A-8017-ECADEDAC12C5}.Debug|Any CPU.Build.0 = Debug|Any CPU
		{C94DA9DE-8CE1-430A-8017-ECADEDAC12C5}.Release|Any CPU.ActiveCfg = Release|Any CPU
		{C94DA9DE-8CE1-430A-8017-ECADEDAC12C5}.Release|Any CPU.Build.0 = Release|Any CPU
		{7E651449-20BB-47A9-8FF1-AE74FBEBECC0}.Debug|Any CPU.ActiveCfg = Debug|Any CPU
		{7E651449-20BB-47A9-8FF1-AE74FBEBECC0}.Debug|Any CPU.Build.0 = Debug|Any CPU
		{7E651449-20BB-47A9-8FF1-AE74FBEBECC0}.Release|Any CPU.ActiveCfg = Release|Any CPU
		{7E651449-20BB-47A9-8FF1-AE74FBEBECC0}.Release|Any CPU.Build.0 = Release|Any CPU
		{04A96D9E-54C9-4664-A2BD-AF442EB19DA6}.Debug|Any CPU.ActiveCfg = Debug|Any CPU
		{04A96D9E-54C9-4664-A2BD-AF442EB19DA6}.Debug|Any CPU.Build.0 = Debug|Any CPU
		{04A96D9E-54C9-4664-A2BD-AF442EB19DA6}.Release|Any CPU.ActiveCfg = Release|Any CPU
		{04A96D9E-54C9-4664-A2BD-AF442EB19DA6}.Release|Any CPU.Build.0 = Release|Any CPU
		{D4E028D5-E804-4A3B-B517-05EDFE684532}.Debug|Any CPU.ActiveCfg = Debug|Any CPU
		{D4E028D5-E804-4A3B-B517-05EDFE684532}.Debug|Any CPU.Build.0 = Debug|Any CPU
		{D4E028D5-E804-4A3B-B517-05EDFE684532}.Release|Any CPU.ActiveCfg = Release|Any CPU
		{D4E028D5-E804-4A3B-B517-05EDFE684532}.Release|Any CPU.Build.0 = Release|Any CPU
		{673F9E1C-BD0D-4132-BD67-7AA0CED5C3F6}.Debug|Any CPU.ActiveCfg = Debug|Any CPU
		{673F9E1C-BD0D-4132-BD67-7AA0CED5C3F6}.Debug|Any CPU.Build.0 = Debug|Any CPU
		{673F9E1C-BD0D-4132-BD67-7AA0CED5C3F6}.Release|Any CPU.ActiveCfg = Release|Any CPU
		{673F9E1C-BD0D-4132-BD67-7AA0CED5C3F6}.Release|Any CPU.Build.0 = Release|Any CPU
	EndGlobalSection
	GlobalSection(SolutionProperties) = preSolution
		HideSolutionNode = FALSE
	EndGlobalSection
	GlobalSection(ExtensibilityGlobals) = postSolution
		SolutionGuid = {3512ADE3-7A08-4C69-A4AC-E9A4ED74FA6B}
	EndGlobalSection
EndGlobal
