
Microsoft Visual Studio Solution File, Format Version 12.00
# Visual Studio Version 17
VisualStudioVersion = 17.0.31903.59
MinimumVisualStudioVersion = 10.0.40219.1
Project("{FAE04EC0-301F-11D3-BF4B-00C04F79EFBC}") = "SektorKampuste.Core", "SektorKampuste.Core\SektorKampuste.Core.csproj", "{C051359F-9E3C-45FF-A6E6-6EDD8D90F766}"
EndProject
Project("{FAE04EC0-301F-11D3-BF4B-00C04F79EFBC}") = "SektorKampuste.Repository", "SektorKampuste.Repository\SektorKampuste.Repository.csproj", "{C2E28D10-4A8F-4F1B-9076-420F8D4D7F0A}"
EndProject
Project("{FAE04EC0-301F-11D3-BF4B-00C04F79EFBC}") = "SektorKampuste.Service", "SektorKampuste.Service\SektorKampuste.Service.csproj", "{472022B0-18B1-421A-A683-EE628B927826}"
EndProject
Project("{FAE04EC0-301F-11D3-BF4B-00C04F79EFBC}") = "SektorKampuste.API", "SektorKampuste.API\SektorKampuste.API.csproj", "{93E8D36E-6505-4037-AF88-7A8F05DCBA4D}"
EndProject
Global
	GlobalSection(SolutionConfigurationPlatforms) = preSolution
		Debug|Any CPU = Debug|Any CPU
		Release|Any CPU = Release|Any CPU
	EndGlobalSection
	GlobalSection(ProjectConfigurationPlatforms) = postSolution
		{C051359F-9E3C-45FF-A6E6-6EDD8D90F766}.Debug|Any CPU.ActiveCfg = Debug|Any CPU
		{C051359F-9E3C-45FF-A6E6-6EDD8D90F766}.Debug|Any CPU.Build.0 = Debug|Any CPU
		{C051359F-9E3C-45FF-A6E6-6EDD8D90F766}.Release|Any CPU.ActiveCfg = Release|Any CPU
		{C051359F-9E3C-45FF-A6E6-6EDD8D90F766}.Release|Any CPU.Build.0 = Release|Any CPU
		{C2E28D10-4A8F-4F1B-9076-420F8D4D7F0A}.Debug|Any CPU.ActiveCfg = Debug|Any CPU
		{C2E28D10-4A8F-4F1B-9076-420F8D4D7F0A}.Debug|Any CPU.Build.0 = Debug|Any CPU
		{C2E28D10-4A8F-4F1B-9076-420F8D4D7F0A}.Release|Any CPU.ActiveCfg = Release|Any CPU
		{C2E28D10-4A8F-4F1B-9076-420F8D4D7F0A}.Release|Any CPU.Build.0 = Release|Any CPU
		{472022B0-18B1-421A-A683-EE628B927826}.Debug|Any CPU.ActiveCfg = Debug|Any CPU
		{472022B0-18B1-421A-A683-EE628B927826}.Debug|Any CPU.Build.0 = Debug|Any CPU
		{472022B0-18B1-421A-A683-EE628B927826}.Release|Any CPU.ActiveCfg = Release|Any CPU
		{472022B0-18B1-421A-A683-EE628B927826}.Release|Any CPU.Build.0 = Release|Any CPU
		{93E8D36E-6505-4037-AF88-7A8F05DCBA4D}.Debug|Any CPU.ActiveCfg = Debug|Any CPU
		{93E8D36E-6505-4037-AF88-7A8F05DCBA4D}.Debug|Any CPU.Build.0 = Debug|Any CPU
		{93E8D36E-6505-4037-AF88-7A8F05DCBA4D}.Release|Any CPU.ActiveCfg = Release|Any CPU
		{93E8D36E-6505-4037-AF88-7A8F05DCBA4D}.Release|Any CPU.Build.0 = Release|Any CPU
	EndGlobalSection
	GlobalSection(SolutionProperties) = preSolution
		HideSolutionNode = FALSE
	EndGlobalSection
	GlobalSection(ExtensibilityGlobals) = postSolution
		SolutionGuid = {CB0C4086-7288-4D77-A9F7-22EB2C231FB5}
	EndGlobalSection
EndGlobal
