
Microsoft Visual Studio Solution File, Format Version 12.00
# Visual Studio Version 17
VisualStudioVersion = 17.0.31903.59
MinimumVisualStudioVersion = 10.0.40219.1
Project("{9A19103F-16F7-4668-BE54-9A1E7A4F7556}") = "CSharp-Get-Started", "CSharp-Get-Started\CSharp-Get-Started.csproj", "{3824735E-B92D-40EC-81E0-CE9750A23BCE}"
EndProject
Project("{FAE04EC0-301F-11D3-BF4B-00C04F79EFBC}") = "CSharp102", "CSharp102\CSharp102.csproj", "{A04C1DAB-6E9F-4249-AEBD-0FE65FB650DB}"
EndProject
Global
	GlobalSection(SolutionConfigurationPlatforms) = preSolution
		Debug|Any CPU = Debug|Any CPU
		Release|Any CPU = Release|Any CPU
	EndGlobalSection
	GlobalSection(ProjectConfigurationPlatforms) = postSolution
		{3824735E-B92D-40EC-81E0-CE9750A23BCE}.Debug|Any CPU.ActiveCfg = Debug|Any CPU
		{3824735E-B92D-40EC-81E0-CE9750A23BCE}.Debug|Any CPU.Build.0 = Debug|Any CPU
		{3824735E-B92D-40EC-81E0-CE9750A23BCE}.Release|Any CPU.ActiveCfg = Release|Any CPU
		{3824735E-B92D-40EC-81E0-CE9750A23BCE}.Release|Any CPU.Build.0 = Release|Any CPU
		{A04C1DAB-6E9F-4249-AEBD-0FE65FB650DB}.Debug|Any CPU.ActiveCfg = Debug|Any CPU
		{A04C1DAB-6E9F-4249-AEBD-0FE65FB650DB}.Debug|Any CPU.Build.0 = Debug|Any CPU
		{A04C1DAB-6E9F-4249-AEBD-0FE65FB650DB}.Release|Any CPU.ActiveCfg = Release|Any CPU
		{A04C1DAB-6E9F-4249-AEBD-0FE65FB650DB}.Release|Any CPU.Build.0 = Release|Any CPU
	EndGlobalSection
	GlobalSection(SolutionProperties) = preSolution
		HideSolutionNode = FALSE
	EndGlobalSection
	GlobalSection(ExtensibilityGlobals) = postSolution
		SolutionGuid = {8816EFBA-87B3-41F4-8E04-308BFC1431B6}
	EndGlobalSection
EndGlobal
